
Microsoft Visual Studio Solution File, Format Version 12.00
# Visual Studio Version 17
VisualStudioVersion = 17.1.32210.238
MinimumVisualStudioVersion = 10.0.40219.1
Project("{2150E333-8FDC-42A3-9474-1A3956D46DE8}") = "Services", "Services", "{317A318E-99FB-4563-AF54-2E53ACF3B640}"
EndProject
Project("{9A19103F-16F7-4668-BE54-9A1E7A4F7556}") = "Player.API", "Services\Player.API\Player.API.csproj", "{CD1ABD9E-3493-4657-9904-3F94ECD30622}"
EndProject
Project("{E53339B2-1760-4266-BCC7-CA923CBCF16C}") = "docker-compose", "docker-compose.dcproj", "{0C01F6C0-B5E7-40EF-B3A6-1E71172DBE00}"
EndProject
Project("{9A19103F-16F7-4668-BE54-9A1E7A4F7556}") = "Teams.API", "Services\Teams.API\Teams.API.csproj", "{0A311650-2695-44B2-8FFE-2F7EC0928AA7}"
EndProject
Project("{2150E333-8FDC-42A3-9474-1A3956D46DE8}") = "BuidingBlocks", "BuidingBlocks", "{0A5FF2BD-7276-40FE-94DA-99509E550AF0}"
EndProject
Project("{9A19103F-16F7-4668-BE54-9A1E7A4F7556}") = "Utilities", "BuildingBlocks\Utilities\Utilities.csproj", "{6B63F593-D091-4A6D-8524-50E0A8C64A1B}"
EndProject
Project("{FAE04EC0-301F-11D3-BF4B-00C04F79EFBC}") = "EventBus.Messages", "BuildingBlocks\EventBus.Messages\EventBus.Messages.csproj", "{862EC7A4-94B0-4BB7-BF94-91B3CB6494A2}"
EndProject
Global
	GlobalSection(SolutionConfigurationPlatforms) = preSolution
		Debug|Any CPU = Debug|Any CPU
		Release|Any CPU = Release|Any CPU
	EndGlobalSection
	GlobalSection(ProjectConfigurationPlatforms) = postSolution
		{CD1ABD9E-3493-4657-9904-3F94ECD30622}.Debug|Any CPU.ActiveCfg = Debug|Any CPU
		{CD1ABD9E-3493-4657-9904-3F94ECD30622}.Debug|Any CPU.Build.0 = Debug|Any CPU
		{CD1ABD9E-3493-4657-9904-3F94ECD30622}.Release|Any CPU.ActiveCfg = Release|Any CPU
		{CD1ABD9E-3493-4657-9904-3F94ECD30622}.Release|Any CPU.Build.0 = Release|Any CPU
		{0C01F6C0-B5E7-40EF-B3A6-1E71172DBE00}.Debug|Any CPU.ActiveCfg = Debug|Any CPU
		{0C01F6C0-B5E7-40EF-B3A6-1E71172DBE00}.Debug|Any CPU.Build.0 = Debug|Any CPU
		{0C01F6C0-B5E7-40EF-B3A6-1E71172DBE00}.Release|Any CPU.ActiveCfg = Release|Any CPU
		{0C01F6C0-B5E7-40EF-B3A6-1E71172DBE00}.Release|Any CPU.Build.0 = Release|Any CPU
		{0A311650-2695-44B2-8FFE-2F7EC0928AA7}.Debug|Any CPU.ActiveCfg = Debug|Any CPU
		{0A311650-2695-44B2-8FFE-2F7EC0928AA7}.Debug|Any CPU.Build.0 = Debug|Any CPU
		{0A311650-2695-44B2-8FFE-2F7EC0928AA7}.Release|Any CPU.ActiveCfg = Release|Any CPU
		{0A311650-2695-44B2-8FFE-2F7EC0928AA7}.Release|Any CPU.Build.0 = Release|Any CPU
		{6B63F593-D091-4A6D-8524-50E0A8C64A1B}.Debug|Any CPU.ActiveCfg = Debug|Any CPU
		{6B63F593-D091-4A6D-8524-50E0A8C64A1B}.Debug|Any CPU.Build.0 = Debug|Any CPU
		{6B63F593-D091-4A6D-8524-50E0A8C64A1B}.Release|Any CPU.ActiveCfg = Release|Any CPU
		{6B63F593-D091-4A6D-8524-50E0A8C64A1B}.Release|Any CPU.Build.0 = Release|Any CPU
		{862EC7A4-94B0-4BB7-BF94-91B3CB6494A2}.Debug|Any CPU.ActiveCfg = Debug|Any CPU
		{862EC7A4-94B0-4BB7-BF94-91B3CB6494A2}.Debug|Any CPU.Build.0 = Debug|Any CPU
		{862EC7A4-94B0-4BB7-BF94-91B3CB6494A2}.Release|Any CPU.ActiveCfg = Release|Any CPU
		{862EC7A4-94B0-4BB7-BF94-91B3CB6494A2}.Release|Any CPU.Build.0 = Release|Any CPU
	EndGlobalSection
	GlobalSection(SolutionProperties) = preSolution
		HideSolutionNode = FALSE
	EndGlobalSection
	GlobalSection(NestedProjects) = preSolution
		{CD1ABD9E-3493-4657-9904-3F94ECD30622} = {317A318E-99FB-4563-AF54-2E53ACF3B640}
		{0A311650-2695-44B2-8FFE-2F7EC0928AA7} = {317A318E-99FB-4563-AF54-2E53ACF3B640}
		{6B63F593-D091-4A6D-8524-50E0A8C64A1B} = {0A5FF2BD-7276-40FE-94DA-99509E550AF0}
		{862EC7A4-94B0-4BB7-BF94-91B3CB6494A2} = {0A5FF2BD-7276-40FE-94DA-99509E550AF0}
	EndGlobalSection
	GlobalSection(ExtensibilityGlobals) = postSolution
		SolutionGuid = {62111C91-D463-4BF1-96A5-20E2DCA74991}
	EndGlobalSection
EndGlobal
